
Microsoft Visual Studio Solution File, Format Version 12.00
# Visual Studio Version 17
VisualStudioVersion = 17.13.35825.156 d17.13
MinimumVisualStudioVersion = 10.0.40219.1
Project("{FAE04EC0-301F-11D3-BF4B-00C04F79EFBC}") = "Vidly1", "Vidly1.csproj", "{0401D6AA-B150-4B16-A306-6F6F94222771}"
EndProject
Global
	GlobalSection(SolutionConfigurationPlatforms) = preSolution
		Debug|Any CPU = Debug|Any CPU
		Release|Any CPU = Release|Any CPU
	EndGlobalSection
	GlobalSection(ProjectConfigurationPlatforms) = postSolution
		{0401D6AA-B150-4B16-A306-6F6F94222771}.Debug|Any CPU.ActiveCfg = Debug|Any CPU
		{0401D6AA-B150-4B16-A306-6F6F94222771}.Debug|Any CPU.Build.0 = Debug|Any CPU
		{0401D6AA-B150-4B16-A306-6F6F94222771}.Release|Any CPU.ActiveCfg = Release|Any CPU
		{0401D6AA-B150-4B16-A306-6F6F94222771}.Release|Any CPU.Build.0 = Release|Any CPU
	EndGlobalSection
	GlobalSection(SolutionProperties) = preSolution
		HideSolutionNode = FALSE
	EndGlobalSection
	GlobalSection(ExtensibilityGlobals) = postSolution
		SolutionGuid = {40906A92-203A-4962-ABC9-5EAD45B74DBF}
	EndGlobalSection
EndGlobal
